
Microsoft Visual Studio Solution File, Format Version 12.00
# Visual Studio Version 17
VisualStudioVersion = 17.12.35527.113 d17.12
MinimumVisualStudioVersion = 10.0.40219.1
Project("{2150E333-8FDC-42A3-9474-1A3956D46DE8}") = "src", "src", "{8AECC77D-E55E-448C-8635-ECAC029690D2}"
EndProject
Project("{FAE04EC0-301F-11D3-BF4B-00C04F79EFBC}") = "customer-service", "src\customer-service\customer-service.csproj", "{B645B46C-17E8-41CF-9966-8DEC68BEA7DC}"
EndProject
Project("{2150E333-8FDC-42A3-9474-1A3956D46DE8}") = "test", "test", "{EC8AEC6A-362D-4D62-B6B3-B1924E34FFF7}"
EndProject
Project("{FAE04EC0-301F-11D3-BF4B-00C04F79EFBC}") = "customer-servicce-tests", "test\customer-servicce-tests\customer-servicce-tests.csproj", "{5B80FF58-5EF9-4F14-BA3E-2ABAD53F3270}"
EndProject
Global
	GlobalSection(SolutionConfigurationPlatforms) = preSolution
		Debug|Any CPU = Debug|Any CPU
		Release|Any CPU = Release|Any CPU
	EndGlobalSection
	GlobalSection(ProjectConfigurationPlatforms) = postSolution
		{B645B46C-17E8-41CF-9966-8DEC68BEA7DC}.Debug|Any CPU.ActiveCfg = Debug|Any CPU
		{B645B46C-17E8-41CF-9966-8DEC68BEA7DC}.Debug|Any CPU.Build.0 = Debug|Any CPU
		{B645B46C-17E8-41CF-9966-8DEC68BEA7DC}.Release|Any CPU.ActiveCfg = Release|Any CPU
		{B645B46C-17E8-41CF-9966-8DEC68BEA7DC}.Release|Any CPU.Build.0 = Release|Any CPU
		{5B80FF58-5EF9-4F14-BA3E-2ABAD53F3270}.Debug|Any CPU.ActiveCfg = Debug|Any CPU
		{5B80FF58-5EF9-4F14-BA3E-2ABAD53F3270}.Debug|Any CPU.Build.0 = Debug|Any CPU
		{5B80FF58-5EF9-4F14-BA3E-2ABAD53F3270}.Release|Any CPU.ActiveCfg = Release|Any CPU
		{5B80FF58-5EF9-4F14-BA3E-2ABAD53F3270}.Release|Any CPU.Build.0 = Release|Any CPU
	EndGlobalSection
	GlobalSection(SolutionProperties) = preSolution
		HideSolutionNode = FALSE
	EndGlobalSection
	GlobalSection(NestedProjects) = preSolution
		{B645B46C-17E8-41CF-9966-8DEC68BEA7DC} = {8AECC77D-E55E-448C-8635-ECAC029690D2}
		{5B80FF58-5EF9-4F14-BA3E-2ABAD53F3270} = {EC8AEC6A-362D-4D62-B6B3-B1924E34FFF7}
	EndGlobalSection
EndGlobal
